
Microsoft Visual Studio Solution File, Format Version 12.00
# Visual Studio Version 16
VisualStudioVersion = 16.0.29306.81
MinimumVisualStudioVersion = 10.0.40219.1
Project("{FAE04EC0-301F-11D3-BF4B-00C04F79EFBC}") = "DiceMenu", "DiceMenu\DiceMenu.csproj", "{63A6C1C2-20F5-4C63-B018-BE238669D31F}"
EndProject
Global
	GlobalSection(SolutionConfigurationPlatforms) = preSolution
		Debug|Any CPU = Debug|Any CPU
		Release|Any CPU = Release|Any CPU
	EndGlobalSection
	GlobalSection(ProjectConfigurationPlatforms) = postSolution
		{63A6C1C2-20F5-4C63-B018-BE238669D31F}.Debug|Any CPU.ActiveCfg = Debug|Any CPU
		{63A6C1C2-20F5-4C63-B018-BE238669D31F}.Debug|Any CPU.Build.0 = Debug|Any CPU
		{63A6C1C2-20F5-4C63-B018-BE238669D31F}.Release|Any CPU.ActiveCfg = Release|Any CPU
		{63A6C1C2-20F5-4C63-B018-BE238669D31F}.Release|Any CPU.Build.0 = Release|Any CPU
	EndGlobalSection
	GlobalSection(SolutionProperties) = preSolution
		HideSolutionNode = FALSE
	EndGlobalSection
	GlobalSection(ExtensibilityGlobals) = postSolution
		SolutionGuid = {3B10D893-C279-4176-A952-3ADF7C6E318C}
	EndGlobalSection
EndGlobal
